
Microsoft Visual Studio Solution File, Format Version 12.00
# Visual Studio 15
VisualStudioVersion = 15.0.26430.12
MinimumVisualStudioVersion = 10.0.40219.1
Project("{FAE04EC0-301F-11D3-BF4B-00C04F79EFBC}") = "WebApiExampleConsume", "WebApiExampleConsume\WebApiExampleConsume.csproj", "{329D5559-AE8A-4518-B5AA-108432B3E0F3}"
EndProject
Project("{FAE04EC0-301F-11D3-BF4B-00C04F79EFBC}") = "MyWebApi", "MyWebApi\MyWebApi.csproj", "{6064D8A3-611B-49D1-8697-ED4CE1170E48}"
EndProject
Global
	GlobalSection(SolutionConfigurationPlatforms) = preSolution
		Debug|Any CPU = Debug|Any CPU
		Release|Any CPU = Release|Any CPU
	EndGlobalSection
	GlobalSection(ProjectConfigurationPlatforms) = postSolution
		{329D5559-AE8A-4518-B5AA-108432B3E0F3}.Debug|Any CPU.ActiveCfg = Debug|Any CPU
		{329D5559-AE8A-4518-B5AA-108432B3E0F3}.Debug|Any CPU.Build.0 = Debug|Any CPU
		{329D5559-AE8A-4518-B5AA-108432B3E0F3}.Release|Any CPU.ActiveCfg = Release|Any CPU
		{329D5559-AE8A-4518-B5AA-108432B3E0F3}.Release|Any CPU.Build.0 = Release|Any CPU
		{6064D8A3-611B-49D1-8697-ED4CE1170E48}.Debug|Any CPU.ActiveCfg = Debug|Any CPU
		{6064D8A3-611B-49D1-8697-ED4CE1170E48}.Debug|Any CPU.Build.0 = Debug|Any CPU
		{6064D8A3-611B-49D1-8697-ED4CE1170E48}.Release|Any CPU.ActiveCfg = Release|Any CPU
		{6064D8A3-611B-49D1-8697-ED4CE1170E48}.Release|Any CPU.Build.0 = Release|Any CPU
	EndGlobalSection
	GlobalSection(SolutionProperties) = preSolution
		HideSolutionNode = FALSE
	EndGlobalSection
EndGlobal
